{
  "nodes": {
    "nixpkgs": {
      "locked": {
        "lastModified": 1758589230,
        "narHash": "sha256-zMTCFGe8aVGTEr2RqUi/QzC1nOIQ0N1HRsbqB4f646k=",
        "rev": "d1d883129b193f0b495d75c148c2c3a7d95789a0",
        "revCount": 810308,
        "type": "tarball",
        "url": "https://api.flakehub.com/f/pinned/NixOS/nixpkgs/0.2505.810308%2Brev-d1d883129b193f0b495d75c148c2c3a7d95789a0/01997816-a6f6-7040-8535-2ae74ed9bd44/source.tar.gz"
      },
      "original": {
        "type": "tarball",
        "url": "https://flakehub.com/f/NixOS/nixpkgs/0"
      }
    },
    "root": {
      "inputs": {
        "nixpkgs": "nixpkgs"
      }
    }
  },
  "root": "root",
  "version": 7
}
